// !$*UTF8*$!
{
	archiveVersion = 1;
	classes = {
	};
	objectVersion = 56;
	objects = {

/* Begin PBXBuildFile section */
		E887A3E52AE9045F00ACD0F9 /* AppDelegate.swift in Sources */ = {isa = PBXBuildFile; fileRef = E887A3E42AE9045F00ACD0F9 /* AppDelegate.swift */; };
		E887A3E72AE9045F00ACD0F9 /* SceneDelegate.swift in Sources */ = {isa = PBXBuildFile; fileRef = E887A3E62AE9045F00ACD0F9 /* SceneDelegate.swift */; };
		E887A3E92AE9045F00ACD0F9 /* ViewController.swift in Sources */ = {isa = PBXBuildFile; fileRef = E887A3E82AE9045F00ACD0F9 /* ViewController.swift */; };
		E887A3EC2AE9045F00ACD0F9 /* Main.storyboard in Resources */ = {isa = PBXBuildFile; fileRef = E887A3EA2AE9045F00ACD0F9 /* Main.storyboard */; };
		E887A3EF2AE9045F00ACD0F9 /* Calculator.xcdatamodeld in Sources */ = {isa = PBXBuildFile; fileRef = E887A3ED2AE9045F00ACD0F9 /* Calculator.xcdatamodeld */; };
		E887A3F12AE9046200ACD0F9 /* Assets.xcassets in Resources */ = {isa = PBXBuildFile; fileRef = E887A3F02AE9046200ACD0F9 /* Assets.xcassets */; };
		E887A3F42AE9046200ACD0F9 /* LaunchScreen.storyboard in Resources */ = {isa = PBXBuildFile; fileRef = E887A3F22AE9046200ACD0F9 /* LaunchScreen.storyboard */; };
		E887A3FF2AE9046300ACD0F9 /* CalculatorTests.swift in Sources */ = {isa = PBXBuildFile; fileRef = E887A3FE2AE9046300ACD0F9 /* CalculatorTests.swift */; };
		E887A4092AE9046300ACD0F9 /* CalculatorUITests.swift in Sources */ = {isa = PBXBuildFile; fileRef = E887A4082AE9046300ACD0F9 /* CalculatorUITests.swift */; };
		E887A40B2AE9046300ACD0F9 /* CalculatorUITestsLaunchTests.swift in Sources */ = {isa = PBXBuildFile; fileRef = E887A40A2AE9046300ACD0F9 /* CalculatorUITestsLaunchTests.swift */; };
/* End PBXBuildFile section */

/* Begin PBXContainerItemProxy section */
		E887A3FB2AE9046300ACD0F9 /* PBXContainerItemProxy */ = {
			isa = PBXContainerItemProxy;
			containerPortal = E887A3D92AE9045F00ACD0F9 /* Project object */;
			proxyType = 1;
			remoteGlobalIDString = E887A3E02AE9045F00ACD0F9;
			remoteInfo = Calculator;
		};
		E887A4052AE9046300ACD0F9 /* PBXContainerItemProxy */ = {
			isa = PBXContainerItemProxy;
			containerPortal = E887A3D92AE9045F00ACD0F9 /* Project object */;
			proxyType = 1;
			remoteGlobalIDString = E887A3E02AE9045F00ACD0F9;
			remoteInfo = Calculator;
		};
/* End PBXContainerItemProxy section */

/* Begin PBXFileReference section */
		E887A3E12AE9045F00ACD0F9 /* Calculator.app */ = {isa = PBXFileReference; explicitFileType = wrapper.application; includeInIndex = 0; path = Calculator.app; sourceTree = BUILT_PRODUCTS_DIR; };
		E887A3E42AE9045F00ACD0F9 /* AppDelegate.swift */ = {isa = PBXFileReference; lastKnownFileType = sourcecode.swift; path = AppDelegate.swift; sourceTree = "<group>"; };
		E887A3E62AE9045F00ACD0F9 /* SceneDelegate.swift */ = {isa = PBXFileReference; lastKnownFileType = sourcecode.swift; path = SceneDelegate.swift; sourceTree = "<group>"; };
		E887A3E82AE9045F00ACD0F9 /* ViewController.swift */ = {isa = PBXFileReference; lastKnownFileType = sourcecode.swift; path = ViewController.swift; sourceTree = "<group>"; };
		E887A3EB2AE9045F00ACD0F9 /* Base */ = {isa = PBXFileReference; lastKnownFileType = file.storyboard; name = Base; path = Base.lproj/Main.storyboard; sourceTree = "<group>"; };
		E887A3EE2AE9045F00ACD0F9 /* Calculator.xcdatamodel */ = {isa = PBXFileReference; lastKnownFileType = wrapper.xcdatamodel; path = Calculator.xcdatamodel; sourceTree = "<group>"; };
		E887A3F02AE9046200ACD0F9 /* Assets.xcassets */ = {isa = PBXFileReference; lastKnownFileType = folder.assetcatalog; path = Assets.xcassets; sourceTree = "<group>"; };
		E887A3F32AE9046200ACD0F9 /* Base */ = {isa = PBXFileReference; lastKnownFileType = file.storyboard; name = Base; path = Base.lproj/LaunchScreen.storyboard; sourceTree = "<group>"; };
		E887A3F52AE9046200ACD0F9 /* Info.plist */ = {isa = PBXFileReference; lastKnownFileType = text.plist.xml; path = Info.plist; sourceTree = "<group>"; };
		E887A3FA2AE9046300ACD0F9 /* CalculatorTests.xctest */ = {isa = PBXFileReference; explicitFileType = wrapper.cfbundle; includeInIndex = 0; path = CalculatorTests.xctest; sourceTree = BUILT_PRODUCTS_DIR; };
		E887A3FE2AE9046300ACD0F9 /* CalculatorTests.swift */ = {isa = PBXFileReference; lastKnownFileType = sourcecode.swift; path = CalculatorTests.swift; sourceTree = "<group>"; };
		E887A4042AE9046300ACD0F9 /* CalculatorUITests.xctest */ = {isa = PBXFileReference; explicitFileType = wrapper.cfbundle; includeInIndex = 0; path = CalculatorUITests.xctest; sourceTree = BUILT_PRODUCTS_DIR; };
		E887A4082AE9046300ACD0F9 /* CalculatorUITests.swift */ = {isa = PBXFileReference; lastKnownFileType = sourcecode.swift; path = CalculatorUITests.swift; sourceTree = "<group>"; };
		E887A40A2AE9046300ACD0F9 /* CalculatorUITestsLaunchTests.swift */ = {isa = PBXFileReference; lastKnownFileType = sourcecode.swift; path = CalculatorUITestsLaunchTests.swift; sourceTree = "<group>"; };
/* End PBXFileReference section */

/* Begin PBXFrameworksBuildPhase section */
		E887A3DE2AE9045F00ACD0F9 /* Frameworks */ = {
			isa = PBXFrameworksBuildPhase;
			buildActionMask = 2147483647;
			files = (
			);
			runOnlyForDeploymentPostprocessing = 0;
		};
		E887A3F72AE9046300ACD0F9 /* Frameworks */ = {
			isa = PBXFrameworksBuildPhase;
			buildActionMask = 2147483647;
			files = (
			);
			runOnlyForDeploymentPostprocessing = 0;
		};
		E887A4012AE9046300ACD0F9 /* Frameworks */ = {
			isa = PBXFrameworksBuildPhase;
			buildActionMask = 2147483647;
			files = (
			);
			runOnlyForDeploymentPostprocessing = 0;
		};
/* End PBXFrameworksBuildPhase section */

/* Begin PBXGroup section */
		E887A3D82AE9045F00ACD0F9 = {
			isa = PBXGroup;
			children = (
				E887A3E32AE9045F00ACD0F9 /* Calculator */,
				E887A3FD2AE9046300ACD0F9 /* CalculatorTests */,
				E887A4072AE9046300ACD0F9 /* CalculatorUITests */,
				E887A3E22AE9045F00ACD0F9 /* Products */,
			);
			sourceTree = "<group>";
		};
		E887A3E22AE9045F00ACD0F9 /* Products */ = {
			isa = PBXGroup;
			children = (
				E887A3E12AE9045F00ACD0F9 /* Calculator.app */,
				E887A3FA2AE9046300ACD0F9 /* CalculatorTests.xctest */,
				E887A4042AE9046300ACD0F9 /* CalculatorUITests.xctest */,
			);
			name = Products;
			sourceTree = "<group>";
		};
		E887A3E32AE9045F00ACD0F9 /* Calculator */ = {
			isa = PBXGroup;
			children = (
				E887A3E42AE9045F00ACD0F9 /* AppDelegate.swift */,
				E887A3E62AE9045F00ACD0F9 /* SceneDelegate.swift */,
				E887A3E82AE9045F00ACD0F9 /* ViewController.swift */,
				E887A3EA2AE9045F00ACD0F9 /* Main.storyboard */,
				E887A3F02AE9046200ACD0F9 /* Assets.xcassets */,
				E887A3F22AE9046200ACD0F9 /* LaunchScreen.storyboard */,
				E887A3F52AE9046200ACD0F9 /* Info.plist */,
				E887A3ED2AE9045F00ACD0F9 /* Calculator.xcdatamodeld */,
			);
			path = Calculator;
			sourceTree = "<group>";
		};
		E887A3FD2AE9046300ACD0F9 /* CalculatorTests */ = {
			isa = PBXGroup;
			children = (
				E887A3FE2AE9046300ACD0F9 /* CalculatorTests.swift */,
			);
			path = CalculatorTests;
			sourceTree = "<group>";
		};
		E887A4072AE9046300ACD0F9 /* CalculatorUITests */ = {
			isa = PBXGroup;
			children = (
				E887A4082AE9046300ACD0F9 /* CalculatorUITests.swift */,
				E887A40A2AE9046300ACD0F9 /* CalculatorUITestsLaunchTests.swift */,
			);
			path = CalculatorUITests;
			sourceTree = "<group>";
		};
/* End PBXGroup section */

/* Begin PBXNativeTarget section */
		E887A3E02AE9045F00ACD0F9 /* Calculator */ = {
			isa = PBXNativeTarget;
			buildConfigurationList = E887A40E2AE9046300ACD0F9 /* Build configuration list for PBXNativeTarget "Calculator" */;
			buildPhases = (
				E887A3DD2AE9045F00ACD0F9 /* Sources */,
				E887A3DE2AE9045F00ACD0F9 /* Frameworks */,
				E887A3DF2AE9045F00ACD0F9 /* Resources */,
			);
			buildRules = (
			);
			dependencies = (
			);
			name = Calculator;
			productName = Calculator;
			productReference = E887A3E12AE9045F00ACD0F9 /* Calculator.app */;
			productType = "com.apple.product-type.application";
		};
		E887A3F92AE9046300ACD0F9 /* CalculatorTests */ = {
			isa = PBXNativeTarget;
			buildConfigurationList = E887A4112AE9046300ACD0F9 /* Build configuration list for PBXNativeTarget "CalculatorTests" */;
			buildPhases = (
				E887A3F62AE9046300ACD0F9 /* Sources */,
				E887A3F72AE9046300ACD0F9 /* Frameworks */,
				E887A3F82AE9046300ACD0F9 /* Resources */,
			);
			buildRules = (
			);
			dependencies = (
				E887A3FC2AE9046300ACD0F9 /* PBXTargetDependency */,
			);
			name = CalculatorTests;
			productName = CalculatorTests;
			productReference = E887A3FA2AE9046300ACD0F9 /* CalculatorTests.xctest */;
			productType = "com.apple.product-type.bundle.unit-test";
		};
		E887A4032AE9046300ACD0F9 /* CalculatorUITests */ = {
			isa = PBXNativeTarget;
			buildConfigurationList = E887A4142AE9046300ACD0F9 /* Build configuration list for PBXNativeTarget "CalculatorUITests" */;
			buildPhases = (
				E887A4002AE9046300ACD0F9 /* Sources */,
				E887A4012AE9046300ACD0F9 /* Frameworks */,
				E887A4022AE9046300ACD0F9 /* Resources */,
			);
			buildRules = (
			);
			dependencies = (
				E887A4062AE9046300ACD0F9 /* PBXTargetDependency */,
			);
			name = CalculatorUITests;
			productName = CalculatorUITests;
			productReference = E887A4042AE9046300ACD0F9 /* CalculatorUITests.xctest */;
			productType = "com.apple.product-type.bundle.ui-testing";
		};
/* End PBXNativeTarget section */

/* Begin PBXProject section */
		E887A3D92AE9045F00ACD0F9 /* Project object */ = {
			isa = PBXProject;
			attributes = {
				BuildIndependentTargetsInParallel = 1;
				LastSwiftUpdateCheck = 1410;
				LastUpgradeCheck = 1410;
				TargetAttributes = {
					E887A3E02AE9045F00ACD0F9 = {
						CreatedOnToolsVersion = 14.1;
					};
					E887A3F92AE9046300ACD0F9 = {
						CreatedOnToolsVersion = 14.1;
						TestTargetID = E887A3E02AE9045F00ACD0F9;
					};
					E887A4032AE9046300ACD0F9 = {
						CreatedOnToolsVersion = 14.1;
						TestTargetID = E887A3E02AE9045F00ACD0F9;
					};
				};
			};
			buildConfigurationList = E887A3DC2AE9045F00ACD0F9 /* Build configuration list for PBXProject "Calculator" */;
			compatibilityVersion = "Xcode 14.0";
			developmentRegion = en;
			hasScannedForEncodings = 0;
			knownRegions = (
				en,
				Base,
			);
			mainGroup = E887A3D82AE9045F00ACD0F9;
			productRefGroup = E887A3E22AE9045F00ACD0F9 /* Products */;
			projectDirPath = "";
			projectRoot = "";
			targets = (
				E887A3E02AE9045F00ACD0F9 /* Calculator */,
				E887A3F92AE9046300ACD0F9 /* CalculatorTests */,
				E887A4032AE9046300ACD0F9 /* CalculatorUITests */,
			);
		};
/* End PBXProject section */

/* Begin PBXResourcesBuildPhase section */
		E887A3DF2AE9045F00ACD0F9 /* Resources */ = {
			isa = PBXResourcesBuildPhase;
			buildActionMask = 2147483647;
			files = (
				E887A3F42AE9046200ACD0F9 /* LaunchScreen.storyboard in Resources */,
				E887A3F12AE9046200ACD0F9 /* Assets.xcassets in Resources */,
				E887A3EC2AE9045F00ACD0F9 /* Main.storyboard in Resources */,
			);
			runOnlyForDeploymentPostprocessing = 0;
		};
		E887A3F82AE9046300ACD0F9 /* Resources */ = {
			isa = PBXResourcesBuildPhase;
			buildActionMask = 2147483647;
			files = (
			);
			runOnlyForDeploymentPostprocessing = 0;
		};
		E887A4022AE9046300ACD0F9 /* Resources */ = {
			isa = PBXResourcesBuildPhase;
			buildActionMask = 2147483647;
			files = (
			);
			runOnlyForDeploymentPostprocessing = 0;
		};
/* End PBXResourcesBuildPhase section */

/* Begin PBXSourcesBuildPhase section */
		E887A3DD2AE9045F00ACD0F9 /* Sources */ = {
			isa = PBXSourcesBuildPhase;
			buildActionMask = 2147483647;
			files = (
				E887A3E92AE9045F00ACD0F9 /* ViewController.swift in Sources */,
				E887A3EF2AE9045F00ACD0F9 /* Calculator.xcdatamodeld in Sources */,
				E887A3E52AE9045F00ACD0F9 /* AppDelegate.swift in Sources */,
				E887A3E72AE9045F00ACD0F9 /* SceneDelegate.swift in Sources */,
			);
			runOnlyForDeploymentPostprocessing = 0;
		};
		E887A3F62AE9046300ACD0F9 /* Sources */ = {
			isa = PBXSourcesBuildPhase;
			buildActionMask = 2147483647;
			files = (
				E887A3FF2AE9046300ACD0F9 /* CalculatorTests.swift in Sources */,
			);
			runOnlyForDeploymentPostprocessing = 0;
		};
		E887A4002AE9046300ACD0F9 /* Sources */ = {
			isa = PBXSourcesBuildPhase;
			buildActionMask = 2147483647;
			files = (
				E887A40B2AE9046300ACD0F9 /* CalculatorUITestsLaunchTests.swift in Sources */,
				E887A4092AE9046300ACD0F9 /* CalculatorUITests.swift in Sources */,
			);
			runOnlyForDeploymentPostprocessing = 0;
		};
/* End PBXSourcesBuildPhase section */

/* Begin PBXTargetDependency section */
		E887A3FC2AE9046300ACD0F9 /* PBXTargetDependency */ = {
			isa = PBXTargetDependency;
			target = E887A3E02AE9045F00ACD0F9 /* Calculator */;
			targetProxy = E887A3FB2AE9046300ACD0F9 /* PBXContainerItemProxy */;
		};
		E887A4062AE9046300ACD0F9 /* PBXTargetDependency */ = {
			isa = PBXTargetDependency;
			target = E887A3E02AE9045F00ACD0F9 /* Calculator */;
			targetProxy = E887A4052AE9046300ACD0F9 /* PBXContainerItemProxy */;
		};
/* End PBXTargetDependency section */

/* Begin PBXVariantGroup section */
		E887A3EA2AE9045F00ACD0F9 /* Main.storyboard */ = {
			isa = PBXVariantGroup;
			children = (
				E887A3EB2AE9045F00ACD0F9 /* Base */,
			);
			name = Main.storyboard;
			sourceTree = "<group>";
		};
		E887A3F22AE9046200ACD0F9 /* LaunchScreen.storyboard */ = {
			isa = PBXVariantGroup;
			children = (
				E887A3F32AE9046200ACD0F9 /* Base */,
			);
			name = LaunchScreen.storyboard;
			sourceTree = "<group>";
		};
/* End PBXVariantGroup section */

/* Begin XCBuildConfiguration section */
		E887A40C2AE9046300ACD0F9 /* Debug */ = {
			isa = XCBuildConfiguration;
			buildSettings = {
				ALWAYS_SEARCH_USER_PATHS = NO;
				CLANG_ANALYZER_NONNULL = YES;
				CLANG_ANALYZER_NUMBER_OBJECT_CONVERSION = YES_AGGRESSIVE;
				CLANG_CXX_LANGUAGE_STANDARD = "gnu++20";
				CLANG_ENABLE_MODULES = YES;
				CLANG_ENABLE_OBJC_ARC = YES;
				CLANG_ENABLE_OBJC_WEAK = YES;
				CLANG_WARN_BLOCK_CAPTURE_AUTORELEASING = YES;
				CLANG_WARN_BOOL_CONVERSION = YES;
				CLANG_WARN_COMMA = YES;
				CLANG_WARN_CONSTANT_CONVERSION = YES;
				CLANG_WARN_DEPRECATED_OBJC_IMPLEMENTATIONS = YES;
				CLANG_WARN_DIRECT_OBJC_ISA_USAGE = YES_ERROR;
				CLANG_WARN_DOCUMENTATION_COMMENTS = YES;
				CLANG_WARN_EMPTY_BODY = YES;
				CLANG_WARN_ENUM_CONVERSION = YES;
				CLANG_WARN_INFINITE_RECURSION = YES;
				CLANG_WARN_INT_CONVERSION = YES;
				CLANG_WARN_NON_LITERAL_NULL_CONVERSION = YES;
				CLANG_WARN_OBJC_IMPLICIT_RETAIN_SELF = YES;
				CLANG_WARN_OBJC_LITERAL_CONVERSION = YES;
				CLANG_WARN_OBJC_ROOT_CLASS = YES_ERROR;
				CLANG_WARN_QUOTED_INCLUDE_IN_FRAMEWORK_HEADER = YES;
				CLANG_WARN_RANGE_LOOP_ANALYSIS = YES;
				CLANG_WARN_STRICT_PROTOTYPES = YES;
				CLANG_WARN_SUSPICIOUS_MOVE = YES;
				CLANG_WARN_UNGUARDED_AVAILABILITY = YES_AGGRESSIVE;
				CLANG_WARN_UNREACHABLE_CODE = YES;
				CLANG_WARN__DUPLICATE_METHOD_MATCH = YES;
				COPY_PHASE_STRIP = NO;
				DEBUG_INFORMATION_FORMAT = dwarf;
				ENABLE_STRICT_OBJC_MSGSEND = YES;
				ENABLE_TESTABILITY = YES;
				GCC_C_LANGUAGE_STANDARD = gnu11;
				GCC_DYNAMIC_NO_PIC = NO;
				GCC_NO_COMMON_BLOCKS = YES;
				GCC_OPTIMIZATION_LEVEL = 0;
				GCC_PREPROCESSOR_DEFINITIONS = (
					"DEBUG=1",
					"$(inherited)",
				);
				GCC_WARN_64_TO_32_BIT_CONVERSION = YES;
				GCC_WARN_ABOUT_RETURN_TYPE = YES_ERROR;
				GCC_WARN_UNDECLARED_SELECTOR = YES;
				GCC_WARN_UNINITIALIZED_AUTOS = YES_AGGRESSIVE;
				GCC_WARN_UNUSED_FUNCTION = YES;
				GCC_WARN_UNUSED_VARIABLE = YES;
				IPHONEOS_DEPLOYMENT_TARGET = 16.1;
				MTL_ENABLE_DEBUG_INFO = INCLUDE_SOURCE;
				MTL_FAST_MATH = YES;
				ONLY_ACTIVE_ARCH = YES;
				SDKROOT = iphoneos;
				SWIFT_ACTIVE_COMPILATION_CONDITIONS = DEBUG;
				SWIFT_OPTIMIZATION_LEVEL = "-Onone";
			};
			name = Debug;
		};
		E887A40D2AE9046300ACD0F9 /* Release */ = {
			isa = XCBuildConfiguration;
			buildSettings = {
				ALWAYS_SEARCH_USER_PATHS = NO;
				CLANG_ANALYZER_NONNULL = YES;
				CLANG_ANALYZER_NUMBER_OBJECT_CONVERSION = YES_AGGRESSIVE;
				CLANG_CXX_LANGUAGE_STANDARD = "gnu++20";
				CLANG_ENABLE_MODULES = YES;
				CLANG_ENABLE_OBJC_ARC = YES;
				CLANG_ENABLE_OBJC_WEAK = YES;
				CLANG_WARN_BLOCK_CAPTURE_AUTORELEASING = YES;
				CLANG_WARN_BOOL_CONVERSION = YES;
				CLANG_WARN_COMMA = YES;
				CLANG_WARN_CONSTANT_CONVERSION = YES;
				CLANG_WARN_DEPRECATED_OBJC_IMPLEMENTATIONS = YES;
				CLANG_WARN_DIRECT_OBJC_ISA_USAGE = YES_ERROR;
				CLANG_WARN_DOCUMENTATION_COMMENTS = YES;
				CLANG_WARN_EMPTY_BODY = YES;
				CLANG_WARN_ENUM_CONVERSION = YES;
				CLANG_WARN_INFINITE_RECURSION = YES;
				CLANG_WARN_INT_CONVERSION = YES;
				CLANG_WARN_NON_LITERAL_NULL_CONVERSION = YES;
				CLANG_WARN_OBJC_IMPLICIT_RETAIN_SELF = YES;
				CLANG_WARN_OBJC_LITERAL_CONVERSION = YES;
				CLANG_WARN_OBJC_ROOT_CLASS = YES_ERROR;
				CLANG_WARN_QUOTED_INCLUDE_IN_FRAMEWORK_HEADER = YES;
				CLANG_WARN_RANGE_LOOP_ANALYSIS = YES;
				CLANG_WARN_STRICT_PROTOTYPES = YES;
				CLANG_WARN_SUSPICIOUS_MOVE = YES;
				CLANG_WARN_UNGUARDED_AVAILABILITY = YES_AGGRESSIVE;
				CLANG_WARN_UNREACHABLE_CODE = YES;
				CLANG_WARN__DUPLICATE_METHOD_MATCH = YES;
				COPY_PHASE_STRIP = NO;
				DEBUG_INFORMATION_FORMAT = "dwarf-with-dsym";
				ENABLE_NS_ASSERTIONS = NO;
				ENABLE_STRICT_OBJC_MSGSEND = YES;
				GCC_C_LANGUAGE_STANDARD = gnu11;
				GCC_NO_COMMON_BLOCKS = YES;
				GCC_WARN_64_TO_32_BIT_CONVERSION = YES;
				GCC_WARN_ABOUT_RETURN_TYPE = YES_ERROR;
				GCC_WARN_UNDECLARED_SELECTOR = YES;
				GCC_WARN_UNINITIALIZED_AUTOS = YES_AGGRESSIVE;
				GCC_WARN_UNUSED_FUNCTION = YES;
				GCC_WARN_UNUSED_VARIABLE = YES;
				IPHONEOS_DEPLOYMENT_TARGET = 16.1;
				MTL_ENABLE_DEBUG_INFO = NO;
				MTL_FAST_MATH = YES;
				SDKROOT = iphoneos;
				SWIFT_COMPILATION_MODE = wholemodule;
				SWIFT_OPTIMIZATION_LEVEL = "-O";
				VALIDATE_PRODUCT = YES;
			};
			name = Release;
		};
		E887A40F2AE9046300ACD0F9 /* Debug */ = {
			isa = XCBuildConfiguration;
			buildSettings = {
				ASSETCATALOG_COMPILER_APPICON_NAME = AppIcon;
				ASSETCATALOG_COMPILER_GLOBAL_ACCENT_COLOR_NAME = AccentColor;
				CODE_SIGN_STYLE = Automatic;
				CURRENT_PROJECT_VERSION = 1;
				GENERATE_INFOPLIST_FILE = YES;
				INFOPLIST_FILE = Calculator/Info.plist;
				INFOPLIST_KEY_UIApplicationSupportsIndirectInputEvents = YES;
				INFOPLIST_KEY_UILaunchStoryboardName = LaunchScreen;
				INFOPLIST_KEY_UIMainStoryboardFile = Main;
				INFOPLIST_KEY_UISupportedInterfaceOrientations_iPad = "UIInterfaceOrientationPortrait UIInterfaceOrientationPortraitUpsideDown UIInterfaceOrientationLandscapeLeft UIInterfaceOrientationLandscapeRight";
				INFOPLIST_KEY_UISupportedInterfaceOrientations_iPhone = "UIInterfaceOrientationPortrait UIInterfaceOrientationLandscapeLeft UIInterfaceOrientationLandscapeRight";
				LD_RUNPATH_SEARCH_PATHS = (
					"$(inherited)",
					"@executable_path/Frameworks",
				);
				MARKETING_VERSION = 1.0;
				PRODUCT_BUNDLE_IDENTIFIER = com.2b.calculator.Calculator;
				PRODUCT_NAME = "$(TARGET_NAME)";
				SWIFT_EMIT_LOC_STRINGS = YES;
				SWIFT_VERSION = 5.0;
				TARGETED_DEVICE_FAMILY = "1,2";
			};
			name = Debug;
		};
		E887A4102AE9046300ACD0F9 /* Release */ = {
			isa = XCBuildConfiguration;
			buildSettings = {
				ASSETCATALOG_COMPILER_APPICON_NAME = AppIcon;
				ASSETCATALOG_COMPILER_GLOBAL_ACCENT_COLOR_NAME = AccentColor;
				CODE_SIGN_STYLE = Automatic;
				CURRENT_PROJECT_VERSION = 1;
				GENERATE_INFOPLIST_FILE = YES;
				INFOPLIST_FILE = Calculator/Info.plist;
				INFOPLIST_KEY_UIApplicationSupportsIndirectInputEvents = YES;
				INFOPLIST_KEY_UILaunchStoryboardName = LaunchScreen;
				INFOPLIST_KEY_UIMainStoryboardFile = Main;
				INFOPLIST_KEY_UISupportedInterfaceOrientations_iPad = "UIInterfaceOrientationPortrait UIInterfaceOrientationPortraitUpsideDown UIInterfaceOrientationLandscapeLeft UIInterfaceOrientationLandscapeRight";
				INFOPLIST_KEY_UISupportedInterfaceOrientations_iPhone = "UIInterfaceOrientationPortrait UIInterfaceOrientationLandscapeLeft UIInterfaceOrientationLandscapeRight";
				LD_RUNPATH_SEARCH_PATHS = (
					"$(inherited)",
					"@executable_path/Frameworks",
				);
				MARKETING_VERSION = 1.0;
				PRODUCT_BUNDLE_IDENTIFIER = com.2b.calculator.Calculator;
				PRODUCT_NAME = "$(TARGET_NAME)";
				SWIFT_EMIT_LOC_STRINGS = YES;
				SWIFT_VERSION = 5.0;
				TARGETED_DEVICE_FAMILY = "1,2";
			};
			name = Release;
		};
		E887A4122AE9046300ACD0F9 /* Debug */ = {
			isa = XCBuildConfiguration;
			buildSettings = {
				ALWAYS_EMBED_SWIFT_STANDARD_LIBRARIES = YES;
				BUNDLE_LOADER = "$(TEST_HOST)";
				CODE_SIGN_STYLE = Automatic;
				CURRENT_PROJECT_VERSION = 1;
				GENERATE_INFOPLIST_FILE = YES;
				IPHONEOS_DEPLOYMENT_TARGET = 16.1;
				MARKETING_VERSION = 1.0;
				PRODUCT_BUNDLE_IDENTIFIER = com.2b.calculator.CalculatorTests;
				PRODUCT_NAME = "$(TARGET_NAME)";
				SWIFT_EMIT_LOC_STRINGS = NO;
				SWIFT_VERSION = 5.0;
				TARGETED_DEVICE_FAMILY = "1,2";
				TEST_HOST = "$(BUILT_PRODUCTS_DIR)/Calculator.app/$(BUNDLE_EXECUTABLE_FOLDER_PATH)/Calculator";
			};
			name = Debug;
		};
		E887A4132AE9046300ACD0F9 /* Release */ = {
			isa = XCBuildConfiguration;
			buildSettings = {
				ALWAYS_EMBED_SWIFT_STANDARD_LIBRARIES = YES;
				BUNDLE_LOADER = "$(TEST_HOST)";
				CODE_SIGN_STYLE = Automatic;
				CURRENT_PROJECT_VERSION = 1;
				GENERATE_INFOPLIST_FILE = YES;
				IPHONEOS_DEPLOYMENT_TARGET = 16.1;
				MARKETING_VERSION = 1.0;
				PRODUCT_BUNDLE_IDENTIFIER = com.2b.calculator.CalculatorTests;
				PRODUCT_NAME = "$(TARGET_NAME)";
				SWIFT_EMIT_LOC_STRINGS = NO;
				SWIFT_VERSION = 5.0;
				TARGETED_DEVICE_FAMILY = "1,2";
				TEST_HOST = "$(BUILT_PRODUCTS_DIR)/Calculator.app/$(BUNDLE_EXECUTABLE_FOLDER_PATH)/Calculator";
			};
			name = Release;
		};
		E887A4152AE9046300ACD0F9 /* Debug */ = {
			isa = XCBuildConfiguration;
			buildSettings = {
				ALWAYS_EMBED_SWIFT_STANDARD_LIBRARIES = YES;
				CODE_SIGN_STYLE = Automatic;
				CURRENT_PROJECT_VERSION = 1;
				GENERATE_INFOPLIST_FILE = YES;
				MARKETING_VERSION = 1.0;
				PRODUCT_BUNDLE_IDENTIFIER = com.2b.calculator.CalculatorUITests;
				PRODUCT_NAME = "$(TARGET_NAME)";
				SWIFT_EMIT_LOC_STRINGS = NO;
				SWIFT_VERSION = 5.0;
				TARGETED_DEVICE_FAMILY = "1,2";
				TEST_TARGET_NAME = Calculator;
			};
			name = Debug;
		};
		E887A4162AE9046300ACD0F9 /* Release */ = {
			isa = XCBuildConfiguration;
			buildSettings = {
				ALWAYS_EMBED_SWIFT_STANDARD_LIBRARIES = YES;
				CODE_SIGN_STYLE = Automatic;
				CURRENT_PROJECT_VERSION = 1;
				GENERATE_INFOPLIST_FILE = YES;
				MARKETING_VERSION = 1.0;
				PRODUCT_BUNDLE_IDENTIFIER = com.2b.calculator.CalculatorUITests;
				PRODUCT_NAME = "$(TARGET_NAME)";
				SWIFT_EMIT_LOC_STRINGS = NO;
				SWIFT_VERSION = 5.0;
				TARGETED_DEVICE_FAMILY = "1,2";
				TEST_TARGET_NAME = Calculator;
			};
			name = Release;
		};
/* End XCBuildConfiguration section */

/* Begin XCConfigurationList section */
		E887A3DC2AE9045F00ACD0F9 /* Build configuration list for PBXProject "Calculator" */ = {
			isa = XCConfigurationList;
			buildConfigurations = (
				E887A40C2AE9046300ACD0F9 /* Debug */,
				E887A40D2AE9046300ACD0F9 /* Release */,
			);
			defaultConfigurationIsVisible = 0;
			defaultConfigurationName = Release;
		};
		E887A40E2AE9046300ACD0F9 /* Build configuration list for PBXNativeTarget "Calculator" */ = {
			isa = XCConfigurationList;
			buildConfigurations = (
				E887A40F2AE9046300ACD0F9 /* Debug */,
				E887A4102AE9046300ACD0F9 /* Release */,
			);
			defaultConfigurationIsVisible = 0;
			defaultConfigurationName = Release;
		};
		E887A4112AE9046300ACD0F9 /* Build configuration list for PBXNativeTarget "CalculatorTests" */ = {
			isa = XCConfigurationList;
			buildConfigurations = (
				E887A4122AE9046300ACD0F9 /* Debug */,
				E887A4132AE9046300ACD0F9 /* Release */,
			);
			defaultConfigurationIsVisible = 0;
			defaultConfigurationName = Release;
		};
		E887A4142AE9046300ACD0F9 /* Build configuration list for PBXNativeTarget "CalculatorUITests" */ = {
			isa = XCConfigurationList;
			buildConfigurations = (
				E887A4152AE9046300ACD0F9 /* Debug */,
				E887A4162AE9046300ACD0F9 /* Release */,
			);
			defaultConfigurationIsVisible = 0;
			defaultConfigurationName = Release;
		};
/* End XCConfigurationList section */

/* Begin XCVersionGroup section */
		E887A3ED2AE9045F00ACD0F9 /* Calculator.xcdatamodeld */ = {
			isa = XCVersionGroup;
			children = (
				E887A3EE2AE9045F00ACD0F9 /* Calculator.xcdatamodel */,
			);
			currentVersion = E887A3EE2AE9045F00ACD0F9 /* Calculator.xcdatamodel */;
			path = Calculator.xcdatamodeld;
			sourceTree = "<group>";
			versionGroupType = wrapper.xcdatamodel;
		};
/* End XCVersionGroup section */
	};
	rootObject = E887A3D92AE9045F00ACD0F9 /* Project object */;
}
